// !$*UTF8*$!
{
	archiveVersion = 1;
	classes = {
	};
	objectVersion = 47;
	objects = {

/* Begin PBXBuildFile section */
		994DF2B21C6E1D7400929D82 /* AppDelegate.swift in Sources */ = {isa = PBXBuildFile; fileRef = 994DF2B11C6E1D7400929D82 /* AppDelegate.swift */; };
		994DF2B41C6E1D7400929D82 /* ViewController.swift in Sources */ = {isa = PBXBuildFile; fileRef = 994DF2B31C6E1D7400929D82 /* ViewController.swift */; };
		994DF2B71C6E1D7400929D82 /* Main.storyboard in Resources */ = {isa = PBXBuildFile; fileRef = 994DF2B51C6E1D7400929D82 /* Main.storyboard */; };
		994DF2B91C6E1D7400929D82 /* Assets.xcassets in Resources */ = {isa = PBXBuildFile; fileRef = 994DF2B81C6E1D7400929D82 /* Assets.xcassets */; };
		994DF2BC1C6E1D7400929D82 /* LaunchScreen.storyboard in Resources */ = {isa = PBXBuildFile; fileRef = 994DF2BA1C6E1D7400929D82 /* LaunchScreen.storyboard */; };
		994DF2C91C6E1F3E00929D82 /* Board.swift in Sources */ = {isa = PBXBuildFile; fileRef = 994DF2C31C6E1F3E00929D82 /* Board.swift */; };
		994DF2CA1C6E1F3E00929D82 /* Player.swift in Sources */ = {isa = PBXBuildFile; fileRef = 994DF2C41C6E1F3E00929D82 /* Player.swift */; };
		994DF2CB1C6E1F3E00929D82 /* GameModel.swift in Sources */ = {isa = PBXBuildFile; fileRef = 994DF2C51C6E1F3E00929D82 /* GameModel.swift */; };
		994DF2CC1C6E1F3E00929D82 /* Common.swift in Sources */ = {isa = PBXBuildFile; fileRef = 994DF2C61C6E1F3E00929D82 /* Common.swift */; };
		994DF2CD1C6E1F3E00929D82 /* Constants.swift in Sources */ = {isa = PBXBuildFile; fileRef = 994DF2C71C6E1F3E00929D82 /* Constants.swift */; };
		994DF2CE1C6E1F3E00929D82 /* Move.swift in Sources */ = {isa = PBXBuildFile; fileRef = 994DF2C81C6E1F3E00929D82 /* Move.swift */; };
		994DF2D01C6E1FED00929D82 /* ChipImages.swift in Sources */ = {isa = PBXBuildFile; fileRef = 994DF2CF1C6E1FED00929D82 /* ChipImages.swift */; };
		999860B71C6E6ADB0088E9DF /* GameLogic.swift in Sources */ = {isa = PBXBuildFile; fileRef = 999860B51C6E6ADB0088E9DF /* GameLogic.swift */; };
		999860B81C6E6ADB0088E9DF /* GameLogicUI.swift in Sources */ = {isa = PBXBuildFile; fileRef = 999860B61C6E6ADB0088E9DF /* GameLogicUI.swift */; };
/* End PBXBuildFile section */

/* Begin PBXFileReference section */
		994DF2AE1C6E1D7400929D82 /* Reversi.app */ = {isa = PBXFileReference; explicitFileType = wrapper.application; includeInIndex = 0; path = Reversi.app; sourceTree = BUILT_PRODUCTS_DIR; };
		994DF2B11C6E1D7400929D82 /* AppDelegate.swift */ = {isa = PBXFileReference; lastKnownFileType = sourcecode.swift; lineEnding = 0; path = AppDelegate.swift; sourceTree = "<group>"; };
		994DF2B31C6E1D7400929D82 /* ViewController.swift */ = {isa = PBXFileReference; lastKnownFileType = sourcecode.swift; path = ViewController.swift; sourceTree = "<group>"; };
		994DF2B61C6E1D7400929D82 /* Base */ = {isa = PBXFileReference; lastKnownFileType = file.storyboard; name = Base; path = Base.lproj/Main.storyboard; sourceTree = "<group>"; };
		994DF2B81C6E1D7400929D82 /* Assets.xcassets */ = {isa = PBXFileReference; lastKnownFileType = folder.assetcatalog; path = Assets.xcassets; sourceTree = "<group>"; };
		994DF2BB1C6E1D7400929D82 /* Base */ = {isa = PBXFileReference; lastKnownFileType = file.storyboard; name = Base; path = Base.lproj/LaunchScreen.storyboard; sourceTree = "<group>"; };
		994DF2BD1C6E1D7400929D82 /* Info.plist */ = {isa = PBXFileReference; lastKnownFileType = text.plist.xml; path = Info.plist; sourceTree = "<group>"; };
		994DF2C31C6E1F3E00929D82 /* Board.swift */ = {isa = PBXFileReference; fileEncoding = 4; lastKnownFileType = sourcecode.swift; path = Board.swift; sourceTree = "<group>"; };
		994DF2C41C6E1F3E00929D82 /* Player.swift */ = {isa = PBXFileReference; fileEncoding = 4; lastKnownFileType = sourcecode.swift; path = Player.swift; sourceTree = "<group>"; };
		994DF2C51C6E1F3E00929D82 /* GameModel.swift */ = {isa = PBXFileReference; fileEncoding = 4; lastKnownFileType = sourcecode.swift; path = GameModel.swift; sourceTree = "<group>"; };
		994DF2C61C6E1F3E00929D82 /* Common.swift */ = {isa = PBXFileReference; fileEncoding = 4; lastKnownFileType = sourcecode.swift; path = Common.swift; sourceTree = "<group>"; };
		994DF2C71C6E1F3E00929D82 /* Constants.swift */ = {isa = PBXFileReference; fileEncoding = 4; lastKnownFileType = sourcecode.swift; path = Constants.swift; sourceTree = "<group>"; };
		994DF2C81C6E1F3E00929D82 /* Move.swift */ = {isa = PBXFileReference; fileEncoding = 4; lastKnownFileType = sourcecode.swift; path = Move.swift; sourceTree = "<group>"; };
		994DF2CF1C6E1FED00929D82 /* ChipImages.swift */ = {isa = PBXFileReference; fileEncoding = 4; lastKnownFileType = sourcecode.swift; path = ChipImages.swift; sourceTree = "<group>"; };
		999860B51C6E6ADB0088E9DF /* GameLogic.swift */ = {isa = PBXFileReference; fileEncoding = 4; lastKnownFileType = sourcecode.swift; name = GameLogic.swift; path = ../GameLogic.swift; sourceTree = "<group>"; };
		999860B61C6E6ADB0088E9DF /* GameLogicUI.swift */ = {isa = PBXFileReference; fileEncoding = 4; lastKnownFileType = sourcecode.swift; name = GameLogicUI.swift; path = ../GameLogicUI.swift; sourceTree = "<group>"; };
/* End PBXFileReference section */

/* Begin PBXFrameworksBuildPhase section */
		994DF2AB1C6E1D7400929D82 /* Frameworks */ = {
			isa = PBXFrameworksBuildPhase;
			buildActionMask = 2147483647;
			files = (
			);
			runOnlyForDeploymentPostprocessing = 0;
		};
/* End PBXFrameworksBuildPhase section */

/* Begin PBXGroup section */
		994DF2A51C6E1D7400929D82 = {
			isa = PBXGroup;
			children = (
				994DF2B01C6E1D7400929D82 /* Reversi */,
				994DF2AF1C6E1D7400929D82 /* Products */,
			);
			sourceTree = "<group>";
		};
		994DF2AF1C6E1D7400929D82 /* Products */ = {
			isa = PBXGroup;
			children = (
				994DF2AE1C6E1D7400929D82 /* Reversi.app */,
			);
			name = Products;
			sourceTree = "<group>";
		};
		994DF2B01C6E1D7400929D82 /* Reversi */ = {
			isa = PBXGroup;
			children = (
				994DF2B11C6E1D7400929D82 /* AppDelegate.swift */,
				994DF2B31C6E1D7400929D82 /* ViewController.swift */,
				994DF2CF1C6E1FED00929D82 /* ChipImages.swift */,
				999860B51C6E6ADB0088E9DF /* GameLogic.swift */,
				999860B61C6E6ADB0088E9DF /* GameLogicUI.swift */,
				994DF2B51C6E1D7400929D82 /* Main.storyboard */,
				994DF2C31C6E1F3E00929D82 /* Board.swift */,
				994DF2C41C6E1F3E00929D82 /* Player.swift */,
				994DF2C51C6E1F3E00929D82 /* GameModel.swift */,
				994DF2C61C6E1F3E00929D82 /* Common.swift */,
				994DF2C71C6E1F3E00929D82 /* Constants.swift */,
				994DF2C81C6E1F3E00929D82 /* Move.swift */,
				994DF2B81C6E1D7400929D82 /* Assets.xcassets */,
				994DF2BA1C6E1D7400929D82 /* LaunchScreen.storyboard */,
				994DF2BD1C6E1D7400929D82 /* Info.plist */,
			);
			path = Reversi;
			sourceTree = "<group>";
		};
/* End PBXGroup section */

/* Begin PBXNativeTarget section */
		994DF2AD1C6E1D7400929D82 /* Reversi */ = {
			isa = PBXNativeTarget;
			buildConfigurationList = 994DF2C01C6E1D7400929D82 /* Build configuration list for PBXNativeTarget "Reversi" */;
			buildPhases = (
				994DF2AA1C6E1D7400929D82 /* Sources */,
				994DF2AB1C6E1D7400929D82 /* Frameworks */,
				994DF2AC1C6E1D7400929D82 /* Resources */,
			);
			buildRules = (
			);
			dependencies = (
			);
			name = Reversi;
			productName = Reversi;
			productReference = 994DF2AE1C6E1D7400929D82 /* Reversi.app */;
			productType = "com.apple.product-type.application";
		};
/* End PBXNativeTarget section */

/* Begin PBXProject section */
		994DF2A61C6E1D7400929D82 /* Project object */ = {
			isa = PBXProject;
			attributes = {
				LastSwiftUpdateCheck = 0720;
				LastUpgradeCheck = 0720;
				ORGANIZATIONNAME = "Vladislav Dembskiy";
				TargetAttributes = {
					994DF2AD1C6E1D7400929D82 = {
						CreatedOnToolsVersion = 7.2.1;
						DevelopmentTeam = 8XJCN3A796;
					};
				};
			};
			buildConfigurationList = 994DF2A91C6E1D7400929D82 /* Build configuration list for PBXProject "Reversi" */;
			compatibilityVersion = "Xcode 6.3";
			developmentRegion = English;
			hasScannedForEncodings = 0;
			knownRegions = (
				en,
				Base,
			);
			mainGroup = 994DF2A51C6E1D7400929D82;
			productRefGroup = 994DF2AF1C6E1D7400929D82 /* Products */;
			projectDirPath = "";
			projectRoot = "";
			targets = (
				994DF2AD1C6E1D7400929D82 /* Reversi */,
			);
		};
/* End PBXProject section */

/* Begin PBXResourcesBuildPhase section */
		994DF2AC1C6E1D7400929D82 /* Resources */ = {
			isa = PBXResourcesBuildPhase;
			buildActionMask = 2147483647;
			files = (
				994DF2BC1C6E1D7400929D82 /* LaunchScreen.storyboard in Resources */,
				994DF2B91C6E1D7400929D82 /* Assets.xcassets in Resources */,
				994DF2B71C6E1D7400929D82 /* Main.storyboard in Resources */,
			);
			runOnlyForDeploymentPostprocessing = 0;
		};
/* End PBXResourcesBuildPhase section */

/* Begin PBXSourcesBuildPhase section */
		994DF2AA1C6E1D7400929D82 /* Sources */ = {
			isa = PBXSourcesBuildPhase;
			buildActionMask = 2147483647;
			files = (
				994DF2CB1C6E1F3E00929D82 /* GameModel.swift in Sources */,
				994DF2CA1C6E1F3E00929D82 /* Player.swift in Sources */,
				994DF2B41C6E1D7400929D82 /* ViewController.swift in Sources */,
				999860B81C6E6ADB0088E9DF /* GameLogicUI.swift in Sources */,
				994DF2B21C6E1D7400929D82 /* AppDelegate.swift in Sources */,
				994DF2CE1C6E1F3E00929D82 /* Move.swift in Sources */,
				994DF2D01C6E1FED00929D82 /* ChipImages.swift in Sources */,
				994DF2CD1C6E1F3E00929D82 /* Constants.swift in Sources */,
				994DF2CC1C6E1F3E00929D82 /* Common.swift in Sources */,
				999860B71C6E6ADB0088E9DF /* GameLogic.swift in Sources */,
				994DF2C91C6E1F3E00929D82 /* Board.swift in Sources */,
			);
			runOnlyForDeploymentPostprocessing = 0;
		};
/* End PBXSourcesBuildPhase section */

/* Begin PBXVariantGroup section */
		994DF2B51C6E1D7400929D82 /* Main.storyboard */ = {
			isa = PBXVariantGroup;
			children = (
				994DF2B61C6E1D7400929D82 /* Base */,
			);
			name = Main.storyboard;
			sourceTree = "<group>";
		};
		994DF2BA1C6E1D7400929D82 /* LaunchScreen.storyboard */ = {
			isa = PBXVariantGroup;
			children = (
				994DF2BB1C6E1D7400929D82 /* Base */,
			);
			name = LaunchScreen.storyboard;
			sourceTree = "<group>";
		};
/* End PBXVariantGroup section */

/* Begin XCBuildConfiguration section */
		994DF2BE1C6E1D7400929D82 /* Debug */ = {
			isa = XCBuildConfiguration;
			buildSettings = {
				ALWAYS_SEARCH_USER_PATHS = NO;
				CLANG_CXX_LANGUAGE_STANDARD = "gnu++0x";
				CLANG_CXX_LIBRARY = "libc++";
				CLANG_ENABLE_MODULES = YES;
				CLANG_ENABLE_OBJC_ARC = YES;
				CLANG_WARN_BOOL_CONVERSION = YES;
				CLANG_WARN_CONSTANT_CONVERSION = YES;
				CLANG_WARN_DIRECT_OBJC_ISA_USAGE = YES_ERROR;
				CLANG_WARN_EMPTY_BODY = YES;
				CLANG_WARN_ENUM_CONVERSION = YES;
				CLANG_WARN_INT_CONVERSION = YES;
				CLANG_WARN_OBJC_ROOT_CLASS = YES_ERROR;
				CLANG_WARN_UNREACHABLE_CODE = YES;
				CLANG_WARN__DUPLICATE_METHOD_MATCH = YES;
				"CODE_SIGN_IDENTITY[sdk=iphoneos*]" = "iPhone Developer";
				COPY_PHASE_STRIP = NO;
				DEBUG_INFORMATION_FORMAT = dwarf;
				ENABLE_STRICT_OBJC_MSGSEND = YES;
				ENABLE_TESTABILITY = YES;
				GCC_C_LANGUAGE_STANDARD = gnu99;
				GCC_DYNAMIC_NO_PIC = NO;
				GCC_NO_COMMON_BLOCKS = YES;
				GCC_OPTIMIZATION_LEVEL = 0;
				GCC_PREPROCESSOR_DEFINITIONS = (
					"DEBUG=1",
					"$(inherited)",
				);
				GCC_WARN_64_TO_32_BIT_CONVERSION = YES;
				GCC_WARN_ABOUT_RETURN_TYPE = YES_ERROR;
				GCC_WARN_UNDECLARED_SELECTOR = YES;
				GCC_WARN_UNINITIALIZED_AUTOS = YES_AGGRESSIVE;
				GCC_WARN_UNUSED_FUNCTION = YES;
				GCC_WARN_UNUSED_VARIABLE = YES;
				IPHONEOS_DEPLOYMENT_TARGET = 9.2;
				MTL_ENABLE_DEBUG_INFO = YES;
				ONLY_ACTIVE_ARCH = YES;
				SDKROOT = iphoneos;
				SWIFT_OPTIMIZATION_LEVEL = "-Onone";
				TARGETED_DEVICE_FAMILY = "1,2";
			};
			name = Debug;
		};
		994DF2BF1C6E1D7400929D82 /* Release */ = {
			isa = XCBuildConfiguration;
			buildSettings = {
				ALWAYS_SEARCH_USER_PATHS = NO;
				CLANG_CXX_LANGUAGE_STANDARD = "gnu++0x";
				CLANG_CXX_LIBRARY = "libc++";
				CLANG_ENABLE_MODULES = YES;
				CLANG_ENABLE_OBJC_ARC = YES;
				CLANG_WARN_BOOL_CONVERSION = YES;
				CLANG_WARN_CONSTANT_CONVERSION = YES;
				CLANG_WARN_DIRECT_OBJC_ISA_USAGE = YES_ERROR;
				CLANG_WARN_EMPTY_BODY = YES;
				CLANG_WARN_ENUM_CONVERSION = YES;
				CLANG_WARN_INT_CONVERSION = YES;
				CLANG_WARN_OBJC_ROOT_CLASS = YES_ERROR;
				CLANG_WARN_UNREACHABLE_CODE = YES;
				CLANG_WARN__DUPLICATE_METHOD_MATCH = YES;
				"CODE_SIGN_IDENTITY[sdk=iphoneos*]" = "iPhone Developer";
				COPY_PHASE_STRIP = NO;
				DEBUG_INFORMATION_FORMAT = "dwarf-with-dsym";
				ENABLE_NS_ASSERTIONS = NO;
				ENABLE_STRICT_OBJC_MSGSEND = YES;
				GCC_C_LANGUAGE_STANDARD = gnu99;
				GCC_NO_COMMON_BLOCKS = YES;
				GCC_WARN_64_TO_32_BIT_CONVERSION = YES;
				GCC_WARN_ABOUT_RETURN_TYPE = YES_ERROR;
				GCC_WARN_UNDECLARED_SELECTOR = YES;
				GCC_WARN_UNINITIALIZED_AUTOS = YES_AGGRESSIVE;
				GCC_WARN_UNUSED_FUNCTION = YES;
				GCC_WARN_UNUSED_VARIABLE = YES;
				IPHONEOS_DEPLOYMENT_TARGET = 9.2;
				MTL_ENABLE_DEBUG_INFO = NO;
				SDKROOT = iphoneos;
				TARGETED_DEVICE_FAMILY = "1,2";
				VALIDATE_PRODUCT = YES;
			};
			name = Release;
		};
		994DF2C11C6E1D7400929D82 /* Debug */ = {
			isa = XCBuildConfiguration;
			buildSettings = {
				ASSETCATALOG_COMPILER_APPICON_NAME = AppIcon;
				CODE_SIGN_IDENTITY = "iPhone Developer";
				"CODE_SIGN_IDENTITY[sdk=iphoneos*]" = "iPhone Developer";
				INFOPLIST_FILE = Reversi/Info.plist;
				LD_RUNPATH_SEARCH_PATHS = "$(inherited) @executable_path/Frameworks";
				PRODUCT_BUNDLE_IDENTIFIER = "Individual-Developer.Reversi";
				PRODUCT_NAME = "$(TARGET_NAME)";
				PROVISIONING_PROFILE = "";
			};
			name = Debug;
		};
		994DF2C21C6E1D7400929D82 /* Release */ = {
			isa = XCBuildConfiguration;
			buildSettings = {
				ASSETCATALOG_COMPILER_APPICON_NAME = AppIcon;
				CODE_SIGN_IDENTITY = "iPhone Developer";
				"CODE_SIGN_IDENTITY[sdk=iphoneos*]" = "iPhone Developer";
				INFOPLIST_FILE = Reversi/Info.plist;
				LD_RUNPATH_SEARCH_PATHS = "$(inherited) @executable_path/Frameworks";
				PRODUCT_BUNDLE_IDENTIFIER = "Individual-Developer.Reversi";
				PRODUCT_NAME = "$(TARGET_NAME)";
				PROVISIONING_PROFILE = "";
			};
			name = Release;
		};
/* End XCBuildConfiguration section */

/* Begin XCConfigurationList section */
		994DF2A91C6E1D7400929D82 /* Build configuration list for PBXProject "Reversi" */ = {
			isa = XCConfigurationList;
			buildConfigurations = (
				994DF2BE1C6E1D7400929D82 /* Debug */,
				994DF2BF1C6E1D7400929D82 /* Release */,
			);
			defaultConfigurationIsVisible = 0;
			defaultConfigurationName = Release;
		};
		994DF2C01C6E1D7400929D82 /* Build configuration list for PBXNativeTarget "Reversi" */ = {
			isa = XCConfigurationList;
			buildConfigurations = (
				994DF2C11C6E1D7400929D82 /* Debug */,
				994DF2C21C6E1D7400929D82 /* Release */,
			);
			defaultConfigurationIsVisible = 0;
			defaultConfigurationName = Release;
		};
/* End XCConfigurationList section */
	};
	rootObject = 994DF2A61C6E1D7400929D82 /* Project object */;
}
